
Microsoft Visual Studio Solution File, Format Version 12.00
# Visual Studio 14
VisualStudioVersion = 14.0.25420.1
MinimumVisualStudioVersion = 10.0.40219.1
Project("{FAE04EC0-301F-11D3-BF4B-00C04F79EFBC}") = "StorageQueueWpfApplication", "StorageQueueWpfApplication\StorageQueueWpfApplication.csproj", "{484A0C7A-5DD5-4D7F-94A1-A1F06DFDAB5E}"
EndProject
Project("{FAE04EC0-301F-11D3-BF4B-00C04F79EFBC}") = "StorageFileWpfApplication", "StorageFileWpfApplication\StorageFileWpfApplication.csproj", "{7215974E-6704-4F2B-B6D1-C8E01E547D32}"
EndProject
Project("{FAE04EC0-301F-11D3-BF4B-00C04F79EFBC}") = "ServiceBusQueueWpfApplication", "ServiceBusQueueWpfApplication\ServiceBusQueueWpfApplication.csproj", "{B8D0AE97-28C0-4928-8CBD-CFAE1378DB5E}"
EndProject
Project("{FAE04EC0-301F-11D3-BF4B-00C04F79EFBC}") = "ServiceBusTopicWpfApplication", "ServiceBusTopicWpfApplication\ServiceBusTopicWpfApplication.csproj", "{BB7FC531-D50B-43DD-8EB2-C0BD61E7E3A7}"
EndProject
Project("{FAE04EC0-301F-11D3-BF4B-00C04F79EFBC}") = "ServiceBusBrokeredMessageWpfApplication", "ServiceBusBrokeredMessageWpfApplication\ServiceBusBrokeredMessageWpfApplication.csproj", "{D34D7342-D285-410C-866D-F1B99503C834}"
EndProject
Project("{FAE04EC0-301F-11D3-BF4B-00C04F79EFBC}") = "ConsoleApplicationAzureServiceBusReciveEventHub", "ConsoleApplicationAzureServiceBusReciveEventHub\ConsoleApplicationAzureServiceBusReciveEventHub.csproj", "{44A43E0F-1A9F-47F8-8FA1-CDC7BCA8DE6B}"
EndProject
Project("{FAE04EC0-301F-11D3-BF4B-00C04F79EFBC}") = "ConsoleApplicationAzureServiceBusReciveQueue", "ConsoleApplicationAzureServiceBusReciveQueue\ConsoleApplicationAzureServiceBusReciveQueue.csproj", "{C375EFB4-BD2F-4A65-87AA-9C7AEDDE160B}"
EndProject
Project("{FAE04EC0-301F-11D3-BF4B-00C04F79EFBC}") = "ConsoleApplicationAzureServiceBusSendEventHub", "ConsoleApplicationAzureServiceBusSendEventHub\ConsoleApplicationAzureServiceBusSendEventHub.csproj", "{3044CC21-4E80-4385-811D-20B8EB0F89B1}"
EndProject
Project("{FAE04EC0-301F-11D3-BF4B-00C04F79EFBC}") = "ConsoleApplicationAzureServiceBusSendQueue", "ConsoleApplicationAzureServiceBusSendQueue\ConsoleApplicationAzureServiceBusSendQueue.csproj", "{8FDF46DC-8C97-496C-8698-883762D7507C}"
EndProject
Project("{FAE04EC0-301F-11D3-BF4B-00C04F79EFBC}") = "ConsoleApplicationCreateTokenCSRF", "ConsoleApplicationCreateTokenCSRF\ConsoleApplicationCreateTokenCSRF.csproj", "{30D8F987-5633-4F5E-8C9A-84D0F3BF3FEB}"
EndProject
Project("{2150E333-8FDC-42A3-9474-1A3956D46DE8}") = "doc", "doc", "{EB89A6D4-A01A-4A7C-8887-1EAE8ADE3B42}"
EndProject
Project("{FAE04EC0-301F-11D3-BF4B-00C04F79EFBC}") = "AzureStorageTable(WPF)", "AzureStorageTable\AzureStorageTable(WPF).csproj", "{E956C41D-66AA-4685-ACAE-1465EA7E297B}"
EndProject
Project("{FAE04EC0-301F-11D3-BF4B-00C04F79EFBC}") = "AzureStorageBlob(WPF)", "AzureStorageBlob\AzureStorageBlob(WPF).csproj", "{4F2D40CA-1DEC-4FB9-9D1C-1F391F883BE2}"
EndProject
Project("{FAE04EC0-301F-11D3-BF4B-00C04F79EFBC}") = "AzureCommonLibrary", "AzureCommonLibrary\AzureCommonLibrary.csproj", "{67CFD72E-6BBD-4B2B-85EB-B30FE9F03046}"
EndProject
Project("{FAE04EC0-301F-11D3-BF4B-00C04F79EFBC}") = "AzureRedisCache(WPF)", "AzureRedisCache\AzureRedisCache(WPF).csproj", "{93CEB58D-EBA1-4DD5-9E99-08ADAFA6EE7F}"
EndProject
Global
	GlobalSection(SolutionConfigurationPlatforms) = preSolution
		Debug|Any CPU = Debug|Any CPU
		Release|Any CPU = Release|Any CPU
	EndGlobalSection
	GlobalSection(ProjectConfigurationPlatforms) = postSolution
		{484A0C7A-5DD5-4D7F-94A1-A1F06DFDAB5E}.Debug|Any CPU.ActiveCfg = Debug|Any CPU
		{484A0C7A-5DD5-4D7F-94A1-A1F06DFDAB5E}.Debug|Any CPU.Build.0 = Debug|Any CPU
		{484A0C7A-5DD5-4D7F-94A1-A1F06DFDAB5E}.Release|Any CPU.ActiveCfg = Release|Any CPU
		{484A0C7A-5DD5-4D7F-94A1-A1F06DFDAB5E}.Release|Any CPU.Build.0 = Release|Any CPU
		{7215974E-6704-4F2B-B6D1-C8E01E547D32}.Debug|Any CPU.ActiveCfg = Debug|Any CPU
		{7215974E-6704-4F2B-B6D1-C8E01E547D32}.Debug|Any CPU.Build.0 = Debug|Any CPU
		{7215974E-6704-4F2B-B6D1-C8E01E547D32}.Release|Any CPU.ActiveCfg = Release|Any CPU
		{7215974E-6704-4F2B-B6D1-C8E01E547D32}.Release|Any CPU.Build.0 = Release|Any CPU
		{B8D0AE97-28C0-4928-8CBD-CFAE1378DB5E}.Debug|Any CPU.ActiveCfg = Debug|Any CPU
		{B8D0AE97-28C0-4928-8CBD-CFAE1378DB5E}.Debug|Any CPU.Build.0 = Debug|Any CPU
		{B8D0AE97-28C0-4928-8CBD-CFAE1378DB5E}.Release|Any CPU.ActiveCfg = Release|Any CPU
		{B8D0AE97-28C0-4928-8CBD-CFAE1378DB5E}.Release|Any CPU.Build.0 = Release|Any CPU
		{BB7FC531-D50B-43DD-8EB2-C0BD61E7E3A7}.Debug|Any CPU.ActiveCfg = Debug|Any CPU
		{BB7FC531-D50B-43DD-8EB2-C0BD61E7E3A7}.Debug|Any CPU.Build.0 = Debug|Any CPU
		{BB7FC531-D50B-43DD-8EB2-C0BD61E7E3A7}.Release|Any CPU.ActiveCfg = Release|Any CPU
		{BB7FC531-D50B-43DD-8EB2-C0BD61E7E3A7}.Release|Any CPU.Build.0 = Release|Any CPU
		{D34D7342-D285-410C-866D-F1B99503C834}.Debug|Any CPU.ActiveCfg = Debug|Any CPU
		{D34D7342-D285-410C-866D-F1B99503C834}.Debug|Any CPU.Build.0 = Debug|Any CPU
		{D34D7342-D285-410C-866D-F1B99503C834}.Release|Any CPU.ActiveCfg = Release|Any CPU
		{D34D7342-D285-410C-866D-F1B99503C834}.Release|Any CPU.Build.0 = Release|Any CPU
		{44A43E0F-1A9F-47F8-8FA1-CDC7BCA8DE6B}.Debug|Any CPU.ActiveCfg = Debug|Any CPU
		{44A43E0F-1A9F-47F8-8FA1-CDC7BCA8DE6B}.Debug|Any CPU.Build.0 = Debug|Any CPU
		{44A43E0F-1A9F-47F8-8FA1-CDC7BCA8DE6B}.Release|Any CPU.ActiveCfg = Release|Any CPU
		{44A43E0F-1A9F-47F8-8FA1-CDC7BCA8DE6B}.Release|Any CPU.Build.0 = Release|Any CPU
		{C375EFB4-BD2F-4A65-87AA-9C7AEDDE160B}.Debug|Any CPU.ActiveCfg = Debug|Any CPU
		{C375EFB4-BD2F-4A65-87AA-9C7AEDDE160B}.Debug|Any CPU.Build.0 = Debug|Any CPU
		{C375EFB4-BD2F-4A65-87AA-9C7AEDDE160B}.Release|Any CPU.ActiveCfg = Release|Any CPU
		{C375EFB4-BD2F-4A65-87AA-9C7AEDDE160B}.Release|Any CPU.Build.0 = Release|Any CPU
		{3044CC21-4E80-4385-811D-20B8EB0F89B1}.Debug|Any CPU.ActiveCfg = Debug|Any CPU
		{3044CC21-4E80-4385-811D-20B8EB0F89B1}.Debug|Any CPU.Build.0 = Debug|Any CPU
		{3044CC21-4E80-4385-811D-20B8EB0F89B1}.Release|Any CPU.ActiveCfg = Release|Any CPU
		{3044CC21-4E80-4385-811D-20B8EB0F89B1}.Release|Any CPU.Build.0 = Release|Any CPU
		{8FDF46DC-8C97-496C-8698-883762D7507C}.Debug|Any CPU.ActiveCfg = Debug|Any CPU
		{8FDF46DC-8C97-496C-8698-883762D7507C}.Debug|Any CPU.Build.0 = Debug|Any CPU
		{8FDF46DC-8C97-496C-8698-883762D7507C}.Release|Any CPU.ActiveCfg = Release|Any CPU
		{8FDF46DC-8C97-496C-8698-883762D7507C}.Release|Any CPU.Build.0 = Release|Any CPU
		{30D8F987-5633-4F5E-8C9A-84D0F3BF3FEB}.Debug|Any CPU.ActiveCfg = Debug|Any CPU
		{30D8F987-5633-4F5E-8C9A-84D0F3BF3FEB}.Debug|Any CPU.Build.0 = Debug|Any CPU
		{30D8F987-5633-4F5E-8C9A-84D0F3BF3FEB}.Release|Any CPU.ActiveCfg = Release|Any CPU
		{30D8F987-5633-4F5E-8C9A-84D0F3BF3FEB}.Release|Any CPU.Build.0 = Release|Any CPU
		{E956C41D-66AA-4685-ACAE-1465EA7E297B}.Debug|Any CPU.ActiveCfg = Debug|Any CPU
		{E956C41D-66AA-4685-ACAE-1465EA7E297B}.Debug|Any CPU.Build.0 = Debug|Any CPU
		{E956C41D-66AA-4685-ACAE-1465EA7E297B}.Release|Any CPU.ActiveCfg = Release|Any CPU
		{E956C41D-66AA-4685-ACAE-1465EA7E297B}.Release|Any CPU.Build.0 = Release|Any CPU
		{4F2D40CA-1DEC-4FB9-9D1C-1F391F883BE2}.Debug|Any CPU.ActiveCfg = Debug|Any CPU
		{4F2D40CA-1DEC-4FB9-9D1C-1F391F883BE2}.Debug|Any CPU.Build.0 = Debug|Any CPU
		{4F2D40CA-1DEC-4FB9-9D1C-1F391F883BE2}.Release|Any CPU.ActiveCfg = Release|Any CPU
		{4F2D40CA-1DEC-4FB9-9D1C-1F391F883BE2}.Release|Any CPU.Build.0 = Release|Any CPU
		{67CFD72E-6BBD-4B2B-85EB-B30FE9F03046}.Debug|Any CPU.ActiveCfg = Debug|Any CPU
		{67CFD72E-6BBD-4B2B-85EB-B30FE9F03046}.Debug|Any CPU.Build.0 = Debug|Any CPU
		{67CFD72E-6BBD-4B2B-85EB-B30FE9F03046}.Release|Any CPU.ActiveCfg = Release|Any CPU
		{67CFD72E-6BBD-4B2B-85EB-B30FE9F03046}.Release|Any CPU.Build.0 = Release|Any CPU
		{93CEB58D-EBA1-4DD5-9E99-08ADAFA6EE7F}.Debug|Any CPU.ActiveCfg = Debug|Any CPU
		{93CEB58D-EBA1-4DD5-9E99-08ADAFA6EE7F}.Debug|Any CPU.Build.0 = Debug|Any CPU
		{93CEB58D-EBA1-4DD5-9E99-08ADAFA6EE7F}.Release|Any CPU.ActiveCfg = Release|Any CPU
		{93CEB58D-EBA1-4DD5-9E99-08ADAFA6EE7F}.Release|Any CPU.Build.0 = Release|Any CPU
	EndGlobalSection
	GlobalSection(SolutionProperties) = preSolution
		HideSolutionNode = FALSE
	EndGlobalSection
EndGlobal
